
Microsoft Visual Studio Solution File, Format Version 12.00
# Visual Studio Version 16
VisualStudioVersion = 16.0.28917.181
MinimumVisualStudioVersion = 10.0.40219.1
Project("{9A19103F-16F7-4668-BE54-9A1E7A4F7556}") = "Restaurant", "Restaurant\Restaurant.csproj", "{C1A56CB3-0B75-4424-9821-8B834EB24F41}"
EndProject
Global
	GlobalSection(SolutionConfigurationPlatforms) = preSolution
		Debug|Any CPU = Debug|Any CPU
		Release|Any CPU = Release|Any CPU
	EndGlobalSection
	GlobalSection(ProjectConfigurationPlatforms) = postSolution
		{C1A56CB3-0B75-4424-9821-8B834EB24F41}.Debug|Any CPU.ActiveCfg = Debug|Any CPU
		{C1A56CB3-0B75-4424-9821-8B834EB24F41}.Debug|Any CPU.Build.0 = Debug|Any CPU
		{C1A56CB3-0B75-4424-9821-8B834EB24F41}.Release|Any CPU.ActiveCfg = Release|Any CPU
		{C1A56CB3-0B75-4424-9821-8B834EB24F41}.Release|Any CPU.Build.0 = Release|Any CPU
	EndGlobalSection
	GlobalSection(SolutionProperties) = preSolution
		HideSolutionNode = FALSE
	EndGlobalSection
	GlobalSection(ExtensibilityGlobals) = postSolution
		SolutionGuid = {1CED8E9D-C93A-4FF8-8647-5D1CDA5BE0AA}
	EndGlobalSection
EndGlobal
